// !$*UTF8*$!
{
	archiveVersion = 1;
	classes = {
	};
	objectVersion = 46;
	objects = {

/* Begin PBXBuildFile section */
		862324BB18EDB26200089887 /* Foundation.framework in Frameworks */ = {isa = PBXBuildFile; fileRef = 862324BA18EDB26200089887 /* Foundation.framework */; };
		862324BD18EDB26200089887 /* CoreGraphics.framework in Frameworks */ = {isa = PBXBuildFile; fileRef = 862324BC18EDB26200089887 /* CoreGraphics.framework */; };
		862324BF18EDB26200089887 /* UIKit.framework in Frameworks */ = {isa = PBXBuildFile; fileRef = 862324BE18EDB26200089887 /* UIKit.framework */; };
		862324C518EDB26200089887 /* InfoPlist.strings in Resources */ = {isa = PBXBuildFile; fileRef = 862324C318EDB26200089887 /* InfoPlist.strings */; };
		862324C718EDB26200089887 /* main.m in Sources */ = {isa = PBXBuildFile; fileRef = 862324C618EDB26200089887 /* main.m */; };
		862324CB18EDB26200089887 /* OTAppDelegate.m in Sources */ = {isa = PBXBuildFile; fileRef = 862324CA18EDB26200089887 /* OTAppDelegate.m */; };
		862324CE18EDB26200089887 /* Main.storyboard in Resources */ = {isa = PBXBuildFile; fileRef = 862324CC18EDB26200089887 /* Main.storyboard */; };
		862324D118EDB26200089887 /* OTViewController.m in Sources */ = {isa = PBXBuildFile; fileRef = 862324D018EDB26200089887 /* OTViewController.m */; };
		862324D318EDB26200089887 /* Images.xcassets in Resources */ = {isa = PBXBuildFile; fileRef = 862324D218EDB26200089887 /* Images.xcassets */; };
		862324DA18EDB26200089887 /* XCTest.framework in Frameworks */ = {isa = PBXBuildFile; fileRef = 862324D918EDB26200089887 /* XCTest.framework */; };
		862324DB18EDB26200089887 /* Foundation.framework in Frameworks */ = {isa = PBXBuildFile; fileRef = 862324BA18EDB26200089887 /* Foundation.framework */; };
		862324DC18EDB26200089887 /* UIKit.framework in Frameworks */ = {isa = PBXBuildFile; fileRef = 862324BE18EDB26200089887 /* UIKit.framework */; };
		862324E418EDB26200089887 /* InfoPlist.strings in Resources */ = {isa = PBXBuildFile; fileRef = 862324E218EDB26200089887 /* InfoPlist.strings */; };
		862324E618EDB26200089887 /* iBeaconAdvertiserTests.m in Sources */ = {isa = PBXBuildFile; fileRef = 862324E518EDB26200089887 /* iBeaconAdvertiserTests.m */; };
		862324F118EDB34600089887 /* OTAdvertiserService.m in Sources */ = {isa = PBXBuildFile; fileRef = 862324F018EDB34600089887 /* OTAdvertiserService.m */; };
/* End PBXBuildFile section */

/* Begin PBXContainerItemProxy section */
		862324DD18EDB26200089887 /* PBXContainerItemProxy */ = {
			isa = PBXContainerItemProxy;
			containerPortal = 862324AF18EDB26200089887 /* Project object */;
			proxyType = 1;
			remoteGlobalIDString = 862324B618EDB26200089887;
			remoteInfo = iBeaconAdvertiser;
		};
/* End PBXContainerItemProxy section */

/* Begin PBXFileReference section */
		862324B718EDB26200089887 /* iBeaconAdvertiser.app */ = {isa = PBXFileReference; explicitFileType = wrapper.application; includeInIndex = 0; path = iBeaconAdvertiser.app; sourceTree = BUILT_PRODUCTS_DIR; };
		862324BA18EDB26200089887 /* Foundation.framework */ = {isa = PBXFileReference; lastKnownFileType = wrapper.framework; name = Foundation.framework; path = System/Library/Frameworks/Foundation.framework; sourceTree = SDKROOT; };
		862324BC18EDB26200089887 /* CoreGraphics.framework */ = {isa = PBXFileReference; lastKnownFileType = wrapper.framework; name = CoreGraphics.framework; path = System/Library/Frameworks/CoreGraphics.framework; sourceTree = SDKROOT; };
		862324BE18EDB26200089887 /* UIKit.framework */ = {isa = PBXFileReference; lastKnownFileType = wrapper.framework; name = UIKit.framework; path = System/Library/Frameworks/UIKit.framework; sourceTree = SDKROOT; };
		862324C218EDB26200089887 /* iBeaconAdvertiser-Info.plist */ = {isa = PBXFileReference; lastKnownFileType = text.plist.xml; path = "iBeaconAdvertiser-Info.plist"; sourceTree = "<group>"; };
		862324C418EDB26200089887 /* en */ = {isa = PBXFileReference; lastKnownFileType = text.plist.strings; name = en; path = en.lproj/InfoPlist.strings; sourceTree = "<group>"; };
		862324C618EDB26200089887 /* main.m */ = {isa = PBXFileReference; lastKnownFileType = sourcecode.c.objc; path = main.m; sourceTree = "<group>"; };
		862324C818EDB26200089887 /* iBeaconAdvertiser-Prefix.pch */ = {isa = PBXFileReference; lastKnownFileType = sourcecode.c.h; path = "iBeaconAdvertiser-Prefix.pch"; sourceTree = "<group>"; };
		862324C918EDB26200089887 /* OTAppDelegate.h */ = {isa = PBXFileReference; lastKnownFileType = sourcecode.c.h; path = OTAppDelegate.h; sourceTree = "<group>"; };
		862324CA18EDB26200089887 /* OTAppDelegate.m */ = {isa = PBXFileReference; lastKnownFileType = sourcecode.c.objc; path = OTAppDelegate.m; sourceTree = "<group>"; };
		862324CD18EDB26200089887 /* Base */ = {isa = PBXFileReference; lastKnownFileType = file.storyboard; name = Base; path = Base.lproj/Main.storyboard; sourceTree = "<group>"; };
		862324CF18EDB26200089887 /* OTViewController.h */ = {isa = PBXFileReference; lastKnownFileType = sourcecode.c.h; path = OTViewController.h; sourceTree = "<group>"; };
		862324D018EDB26200089887 /* OTViewController.m */ = {isa = PBXFileReference; lastKnownFileType = sourcecode.c.objc; path = OTViewController.m; sourceTree = "<group>"; };
		862324D218EDB26200089887 /* Images.xcassets */ = {isa = PBXFileReference; lastKnownFileType = folder.assetcatalog; path = Images.xcassets; sourceTree = "<group>"; };
		862324D818EDB26200089887 /* iBeaconAdvertiserTests.xctest */ = {isa = PBXFileReference; explicitFileType = wrapper.cfbundle; includeInIndex = 0; path = iBeaconAdvertiserTests.xctest; sourceTree = BUILT_PRODUCTS_DIR; };
		862324D918EDB26200089887 /* XCTest.framework */ = {isa = PBXFileReference; lastKnownFileType = wrapper.framework; name = XCTest.framework; path = Library/Frameworks/XCTest.framework; sourceTree = DEVELOPER_DIR; };
		862324E118EDB26200089887 /* iBeaconAdvertiserTests-Info.plist */ = {isa = PBXFileReference; lastKnownFileType = text.plist.xml; path = "iBeaconAdvertiserTests-Info.plist"; sourceTree = "<group>"; };
		862324E318EDB26200089887 /* en */ = {isa = PBXFileReference; lastKnownFileType = text.plist.strings; name = en; path = en.lproj/InfoPlist.strings; sourceTree = "<group>"; };
		862324E518EDB26200089887 /* iBeaconAdvertiserTests.m */ = {isa = PBXFileReference; lastKnownFileType = sourcecode.c.objc; path = iBeaconAdvertiserTests.m; sourceTree = "<group>"; };
		862324EF18EDB34600089887 /* OTAdvertiserService.h */ = {isa = PBXFileReference; fileEncoding = 4; lastKnownFileType = sourcecode.c.h; path = OTAdvertiserService.h; sourceTree = "<group>"; };
		862324F018EDB34600089887 /* OTAdvertiserService.m */ = {isa = PBXFileReference; fileEncoding = 4; lastKnownFileType = sourcecode.c.objc; path = OTAdvertiserService.m; sourceTree = "<group>"; };
/* End PBXFileReference section */

/* Begin PBXFrameworksBuildPhase section */
		862324B418EDB26200089887 /* Frameworks */ = {
			isa = PBXFrameworksBuildPhase;
			buildActionMask = 2147483647;
			files = (
				862324BD18EDB26200089887 /* CoreGraphics.framework in Frameworks */,
				862324BF18EDB26200089887 /* UIKit.framework in Frameworks */,
				862324BB18EDB26200089887 /* Foundation.framework in Frameworks */,
			);
			runOnlyForDeploymentPostprocessing = 0;
		};
		862324D518EDB26200089887 /* Frameworks */ = {
			isa = PBXFrameworksBuildPhase;
			buildActionMask = 2147483647;
			files = (
				862324DA18EDB26200089887 /* XCTest.framework in Frameworks */,
				862324DC18EDB26200089887 /* UIKit.framework in Frameworks */,
				862324DB18EDB26200089887 /* Foundation.framework in Frameworks */,
			);
			runOnlyForDeploymentPostprocessing = 0;
		};
/* End PBXFrameworksBuildPhase section */

/* Begin PBXGroup section */
		862324AE18EDB26200089887 = {
			isa = PBXGroup;
			children = (
				862324C018EDB26200089887 /* iBeaconAdvertiser */,
				862324DF18EDB26200089887 /* iBeaconAdvertiserTests */,
				862324B918EDB26200089887 /* Frameworks */,
				862324B818EDB26200089887 /* Products */,
			);
			sourceTree = "<group>";
		};
		862324B818EDB26200089887 /* Products */ = {
			isa = PBXGroup;
			children = (
				862324B718EDB26200089887 /* iBeaconAdvertiser.app */,
				862324D818EDB26200089887 /* iBeaconAdvertiserTests.xctest */,
			);
			name = Products;
			sourceTree = "<group>";
		};
		862324B918EDB26200089887 /* Frameworks */ = {
			isa = PBXGroup;
			children = (
				862324BA18EDB26200089887 /* Foundation.framework */,
				862324BC18EDB26200089887 /* CoreGraphics.framework */,
				862324BE18EDB26200089887 /* UIKit.framework */,
				862324D918EDB26200089887 /* XCTest.framework */,
			);
			name = Frameworks;
			sourceTree = "<group>";
		};
		862324C018EDB26200089887 /* iBeaconAdvertiser */ = {
			isa = PBXGroup;
			children = (
				862324C918EDB26200089887 /* OTAppDelegate.h */,
				862324CA18EDB26200089887 /* OTAppDelegate.m */,
				862324CC18EDB26200089887 /* Main.storyboard */,
				862324CF18EDB26200089887 /* OTViewController.h */,
				862324D018EDB26200089887 /* OTViewController.m */,
				862324D218EDB26200089887 /* Images.xcassets */,
				862324C118EDB26200089887 /* Supporting Files */,
				862324EF18EDB34600089887 /* OTAdvertiserService.h */,
				862324F018EDB34600089887 /* OTAdvertiserService.m */,
			);
			path = iBeaconAdvertiser;
			sourceTree = "<group>";
		};
		862324C118EDB26200089887 /* Supporting Files */ = {
			isa = PBXGroup;
			children = (
				862324C218EDB26200089887 /* iBeaconAdvertiser-Info.plist */,
				862324C318EDB26200089887 /* InfoPlist.strings */,
				862324C618EDB26200089887 /* main.m */,
				862324C818EDB26200089887 /* iBeaconAdvertiser-Prefix.pch */,
			);
			name = "Supporting Files";
			sourceTree = "<group>";
		};
		862324DF18EDB26200089887 /* iBeaconAdvertiserTests */ = {
			isa = PBXGroup;
			children = (
				862324E518EDB26200089887 /* iBeaconAdvertiserTests.m */,
				862324E018EDB26200089887 /* Supporting Files */,
			);
			path = iBeaconAdvertiserTests;
			sourceTree = "<group>";
		};
		862324E018EDB26200089887 /* Supporting Files */ = {
			isa = PBXGroup;
			children = (
				862324E118EDB26200089887 /* iBeaconAdvertiserTests-Info.plist */,
				862324E218EDB26200089887 /* InfoPlist.strings */,
			);
			name = "Supporting Files";
			sourceTree = "<group>";
		};
/* End PBXGroup section */

/* Begin PBXNativeTarget section */
		862324B618EDB26200089887 /* iBeaconAdvertiser */ = {
			isa = PBXNativeTarget;
			buildConfigurationList = 862324E918EDB26200089887 /* Build configuration list for PBXNativeTarget "iBeaconAdvertiser" */;
			buildPhases = (
				862324B318EDB26200089887 /* Sources */,
				862324B418EDB26200089887 /* Frameworks */,
				862324B518EDB26200089887 /* Resources */,
			);
			buildRules = (
			);
			dependencies = (
			);
			name = iBeaconAdvertiser;
			productName = iBeaconAdvertiser;
			productReference = 862324B718EDB26200089887 /* iBeaconAdvertiser.app */;
			productType = "com.apple.product-type.application";
		};
		862324D718EDB26200089887 /* iBeaconAdvertiserTests */ = {
			isa = PBXNativeTarget;
			buildConfigurationList = 862324EC18EDB26200089887 /* Build configuration list for PBXNativeTarget "iBeaconAdvertiserTests" */;
			buildPhases = (
				862324D418EDB26200089887 /* Sources */,
				862324D518EDB26200089887 /* Frameworks */,
				862324D618EDB26200089887 /* Resources */,
			);
			buildRules = (
			);
			dependencies = (
				862324DE18EDB26200089887 /* PBXTargetDependency */,
			);
			name = iBeaconAdvertiserTests;
			productName = iBeaconAdvertiserTests;
			productReference = 862324D818EDB26200089887 /* iBeaconAdvertiserTests.xctest */;
			productType = "com.apple.product-type.bundle.unit-test";
		};
/* End PBXNativeTarget section */

/* Begin PBXProject section */
		862324AF18EDB26200089887 /* Project object */ = {
			isa = PBXProject;
			attributes = {
				CLASSPREFIX = OT;
				LastUpgradeCheck = 0510;
				ORGANIZATIONNAME = OCTO;
				TargetAttributes = {
					862324D718EDB26200089887 = {
						TestTargetID = 862324B618EDB26200089887;
					};
				};
			};
			buildConfigurationList = 862324B218EDB26200089887 /* Build configuration list for PBXProject "iBeaconAdvertiser" */;
			compatibilityVersion = "Xcode 3.2";
			developmentRegion = English;
			hasScannedForEncodings = 0;
			knownRegions = (
				en,
				Base,
			);
			mainGroup = 862324AE18EDB26200089887;
			productRefGroup = 862324B818EDB26200089887 /* Products */;
			projectDirPath = "";
			projectRoot = "";
			targets = (
				862324B618EDB26200089887 /* iBeaconAdvertiser */,
				862324D718EDB26200089887 /* iBeaconAdvertiserTests */,
			);
		};
/* End PBXProject section */

/* Begin PBXResourcesBuildPhase section */
		862324B518EDB26200089887 /* Resources */ = {
			isa = PBXResourcesBuildPhase;
			buildActionMask = 2147483647;
			files = (
				862324D318EDB26200089887 /* Images.xcassets in Resources */,
				862324C518EDB26200089887 /* InfoPlist.strings in Resources */,
				862324CE18EDB26200089887 /* Main.storyboard in Resources */,
			);
			runOnlyForDeploymentPostprocessing = 0;
		};
		862324D618EDB26200089887 /* Resources */ = {
			isa = PBXResourcesBuildPhase;
			buildActionMask = 2147483647;
			files = (
				862324E418EDB26200089887 /* InfoPlist.strings in Resources */,
			);
			runOnlyForDeploymentPostprocessing = 0;
		};
/* End PBXResourcesBuildPhase section */

/* Begin PBXSourcesBuildPhase section */
		862324B318EDB26200089887 /* Sources */ = {
			isa = PBXSourcesBuildPhase;
			buildActionMask = 2147483647;
			files = (
				862324C718EDB26200089887 /* main.m in Sources */,
				862324F118EDB34600089887 /* OTAdvertiserService.m in Sources */,
				862324CB18EDB26200089887 /* OTAppDelegate.m in Sources */,
				862324D118EDB26200089887 /* OTViewController.m in Sources */,
			);
			runOnlyForDeploymentPostprocessing = 0;
		};
		862324D418EDB26200089887 /* Sources */ = {
			isa = PBXSourcesBuildPhase;
			buildActionMask = 2147483647;
			files = (
				862324E618EDB26200089887 /* iBeaconAdvertiserTests.m in Sources */,
			);
			runOnlyForDeploymentPostprocessing = 0;
		};
/* End PBXSourcesBuildPhase section */

/* Begin PBXTargetDependency section */
		862324DE18EDB26200089887 /* PBXTargetDependency */ = {
			isa = PBXTargetDependency;
			target = 862324B618EDB26200089887 /* iBeaconAdvertiser */;
			targetProxy = 862324DD18EDB26200089887 /* PBXContainerItemProxy */;
		};
/* End PBXTargetDependency section */

/* Begin PBXVariantGroup section */
		862324C318EDB26200089887 /* InfoPlist.strings */ = {
			isa = PBXVariantGroup;
			children = (
				862324C418EDB26200089887 /* en */,
			);
			name = InfoPlist.strings;
			sourceTree = "<group>";
		};
		862324CC18EDB26200089887 /* Main.storyboard */ = {
			isa = PBXVariantGroup;
			children = (
				862324CD18EDB26200089887 /* Base */,
			);
			name = Main.storyboard;
			sourceTree = "<group>";
		};
		862324E218EDB26200089887 /* InfoPlist.strings */ = {
			isa = PBXVariantGroup;
			children = (
				862324E318EDB26200089887 /* en */,
			);
			name = InfoPlist.strings;
			sourceTree = "<group>";
		};
/* End PBXVariantGroup section */

/* Begin XCBuildConfiguration section */
		862324E718EDB26200089887 /* Debug */ = {
			isa = XCBuildConfiguration;
			buildSettings = {
				ALWAYS_SEARCH_USER_PATHS = NO;
				CLANG_CXX_LANGUAGE_STANDARD = "gnu++0x";
				CLANG_CXX_LIBRARY = "libc++";
				CLANG_ENABLE_MODULES = YES;
				CLANG_ENABLE_OBJC_ARC = YES;
				CLANG_WARN_BOOL_CONVERSION = YES;
				CLANG_WARN_CONSTANT_CONVERSION = YES;
				CLANG_WARN_DIRECT_OBJC_ISA_USAGE = YES_ERROR;
				CLANG_WARN_EMPTY_BODY = YES;
				CLANG_WARN_ENUM_CONVERSION = YES;
				CLANG_WARN_INT_CONVERSION = YES;
				CLANG_WARN_OBJC_ROOT_CLASS = YES_ERROR;
				CLANG_WARN__DUPLICATE_METHOD_MATCH = YES;
				"CODE_SIGN_IDENTITY[sdk=iphoneos*]" = "iPhone Developer";
				COPY_PHASE_STRIP = NO;
				GCC_C_LANGUAGE_STANDARD = gnu99;
				GCC_DYNAMIC_NO_PIC = NO;
				GCC_OPTIMIZATION_LEVEL = 0;
				GCC_PREPROCESSOR_DEFINITIONS = (
					"DEBUG=1",
					"$(inherited)",
				);
				GCC_SYMBOLS_PRIVATE_EXTERN = NO;
				GCC_WARN_64_TO_32_BIT_CONVERSION = YES;
				GCC_WARN_ABOUT_RETURN_TYPE = YES_ERROR;
				GCC_WARN_UNDECLARED_SELECTOR = YES;
				GCC_WARN_UNINITIALIZED_AUTOS = YES_AGGRESSIVE;
				GCC_WARN_UNUSED_FUNCTION = YES;
				GCC_WARN_UNUSED_VARIABLE = YES;
				IPHONEOS_DEPLOYMENT_TARGET = 7.1;
				ONLY_ACTIVE_ARCH = YES;
				SDKROOT = iphoneos;
			};
			name = Debug;
		};
		862324E818EDB26200089887 /* Release */ = {
			isa = XCBuildConfiguration;
			buildSettings = {
				ALWAYS_SEARCH_USER_PATHS = NO;
				CLANG_CXX_LANGUAGE_STANDARD = "gnu++0x";
				CLANG_CXX_LIBRARY = "libc++";
				CLANG_ENABLE_MODULES = YES;
				CLANG_ENABLE_OBJC_ARC = YES;
				CLANG_WARN_BOOL_CONVERSION = YES;
				CLANG_WARN_CONSTANT_CONVERSION = YES;
				CLANG_WARN_DIRECT_OBJC_ISA_USAGE = YES_ERROR;
				CLANG_WARN_EMPTY_BODY = YES;
				CLANG_WARN_ENUM_CONVERSION = YES;
				CLANG_WARN_INT_CONVERSION = YES;
				CLANG_WARN_OBJC_ROOT_CLASS = YES_ERROR;
				CLANG_WARN__DUPLICATE_METHOD_MATCH = YES;
				"CODE_SIGN_IDENTITY[sdk=iphoneos*]" = "iPhone Developer";
				COPY_PHASE_STRIP = YES;
				ENABLE_NS_ASSERTIONS = NO;
				GCC_C_LANGUAGE_STANDARD = gnu99;
				GCC_WARN_64_TO_32_BIT_CONVERSION = YES;
				GCC_WARN_ABOUT_RETURN_TYPE = YES_ERROR;
				GCC_WARN_UNDECLARED_SELECTOR = YES;
				GCC_WARN_UNINITIALIZED_AUTOS = YES_AGGRESSIVE;
				GCC_WARN_UNUSED_FUNCTION = YES;
				GCC_WARN_UNUSED_VARIABLE = YES;
				IPHONEOS_DEPLOYMENT_TARGET = 7.1;
				SDKROOT = iphoneos;
				VALIDATE_PRODUCT = YES;
			};
			name = Release;
		};
		862324EA18EDB26200089887 /* Debug */ = {
			isa = XCBuildConfiguration;
			buildSettings = {
				ASSETCATALOG_COMPILER_APPICON_NAME = AppIcon;
				ASSETCATALOG_COMPILER_LAUNCHIMAGE_NAME = LaunchImage;
				GCC_PRECOMPILE_PREFIX_HEADER = YES;
				GCC_PREFIX_HEADER = "iBeaconAdvertiser/iBeaconAdvertiser-Prefix.pch";
				INFOPLIST_FILE = "iBeaconAdvertiser/iBeaconAdvertiser-Info.plist";
				IPHONEOS_DEPLOYMENT_TARGET = 7.0;
				PRODUCT_NAME = "$(TARGET_NAME)";
				TARGETED_DEVICE_FAMILY = 1;
				WRAPPER_EXTENSION = app;
			};
			name = Debug;
		};
		862324EB18EDB26200089887 /* Release */ = {
			isa = XCBuildConfiguration;
			buildSettings = {
				ASSETCATALOG_COMPILER_APPICON_NAME = AppIcon;
				ASSETCATALOG_COMPILER_LAUNCHIMAGE_NAME = LaunchImage;
				GCC_PRECOMPILE_PREFIX_HEADER = YES;
				GCC_PREFIX_HEADER = "iBeaconAdvertiser/iBeaconAdvertiser-Prefix.pch";
				INFOPLIST_FILE = "iBeaconAdvertiser/iBeaconAdvertiser-Info.plist";
				IPHONEOS_DEPLOYMENT_TARGET = 7.0;
				PRODUCT_NAME = "$(TARGET_NAME)";
				TARGETED_DEVICE_FAMILY = 1;
				WRAPPER_EXTENSION = app;
			};
			name = Release;
		};
		862324ED18EDB26200089887 /* Debug */ = {
			isa = XCBuildConfiguration;
			buildSettings = {
				BUNDLE_LOADER = "$(BUILT_PRODUCTS_DIR)/iBeaconAdvertiser.app/iBeaconAdvertiser";
				FRAMEWORK_SEARCH_PATHS = (
					"$(SDKROOT)/Developer/Library/Frameworks",
					"$(inherited)",
					"$(DEVELOPER_FRAMEWORKS_DIR)",
				);
				GCC_PRECOMPILE_PREFIX_HEADER = YES;
				GCC_PREFIX_HEADER = "iBeaconAdvertiser/iBeaconAdvertiser-Prefix.pch";
				GCC_PREPROCESSOR_DEFINITIONS = (
					"DEBUG=1",
					"$(inherited)",
				);
				INFOPLIST_FILE = "iBeaconAdvertiserTests/iBeaconAdvertiserTests-Info.plist";
				PRODUCT_NAME = "$(TARGET_NAME)";
				TEST_HOST = "$(BUNDLE_LOADER)";
				WRAPPER_EXTENSION = xctest;
			};
			name = Debug;
		};
		862324EE18EDB26200089887 /* Release */ = {
			isa = XCBuildConfiguration;
			buildSettings = {
				BUNDLE_LOADER = "$(BUILT_PRODUCTS_DIR)/iBeaconAdvertiser.app/iBeaconAdvertiser";
				FRAMEWORK_SEARCH_PATHS = (
					"$(SDKROOT)/Developer/Library/Frameworks",
					"$(inherited)",
					"$(DEVELOPER_FRAMEWORKS_DIR)",
				);
				GCC_PRECOMPILE_PREFIX_HEADER = YES;
				GCC_PREFIX_HEADER = "iBeaconAdvertiser/iBeaconAdvertiser-Prefix.pch";
				INFOPLIST_FILE = "iBeaconAdvertiserTests/iBeaconAdvertiserTests-Info.plist";
				PRODUCT_NAME = "$(TARGET_NAME)";
				TEST_HOST = "$(BUNDLE_LOADER)";
				WRAPPER_EXTENSION = xctest;
			};
			name = Release;
		};
/* End XCBuildConfiguration section */

/* Begin XCConfigurationList section */
		862324B218EDB26200089887 /* Build configuration list for PBXProject "iBeaconAdvertiser" */ = {
			isa = XCConfigurationList;
			buildConfigurations = (
				862324E718EDB26200089887 /* Debug */,
				862324E818EDB26200089887 /* Release */,
			);
			defaultConfigurationIsVisible = 0;
			defaultConfigurationName = Release;
		};
		862324E918EDB26200089887 /* Build configuration list for PBXNativeTarget "iBeaconAdvertiser" */ = {
			isa = XCConfigurationList;
			buildConfigurations = (
				862324EA18EDB26200089887 /* Debug */,
				862324EB18EDB26200089887 /* Release */,
			);
			defaultConfigurationIsVisible = 0;
			defaultConfigurationName = Release;
		};
		862324EC18EDB26200089887 /* Build configuration list for PBXNativeTarget "iBeaconAdvertiserTests" */ = {
			isa = XCConfigurationList;
			buildConfigurations = (
				862324ED18EDB26200089887 /* Debug */,
				862324EE18EDB26200089887 /* Release */,
			);
			defaultConfigurationIsVisible = 0;
			defaultConfigurationName = Release;
		};
/* End XCConfigurationList section */
	};
	rootObject = 862324AF18EDB26200089887 /* Project object */;
}
